
Microsoft Visual Studio Solution File, Format Version 12.00
# Visual Studio Version 17
VisualStudioVersion = 17.8.34408.163
MinimumVisualStudioVersion = 10.0.40219.1
Project("{9A19103F-16F7-4668-BE54-9A1E7A4F7556}") = "ProductCatalog", "ProductCatalog\ProductCatalog.csproj", "{42A9DE6B-9FAB-4382-989C-5BC0CC6A2572}"
EndProject
Project("{9A19103F-16F7-4668-BE54-9A1E7A4F7556}") = "ShoppingCart", "ShoppingCart\ShoppingCart.csproj", "{A34DD774-31C8-4773-A158-9DF132434B2A}"
EndProject
Project("{9A19103F-16F7-4668-BE54-9A1E7A4F7556}") = "CatalogAPI", "CatalogAPI\CatalogAPI.csproj", "{BB9249BB-03C6-4042-8000-E3DFC34AD88F}"
EndProject
Project("{9A19103F-16F7-4668-BE54-9A1E7A4F7556}") = "ShoppingCartAPI", "ShoppingCartAPI\ShoppingCartAPI.csproj", "{7F86D98C-E8F2-4472-9E5D-FC32C6F6DA83}"
EndProject
Project("{9A19103F-16F7-4668-BE54-9A1E7A4F7556}") = "TestProjectVijaySales", "TestProjectVijaySales\TestProjectVijaySales.csproj", "{097CCBD2-DB6F-4862-B12A-C3BDD3DB1E62}"
EndProject
Project("{9A19103F-16F7-4668-BE54-9A1E7A4F7556}") = "TestProjectMSVijaySales", "TestProjectMSVijaySales\TestProjectMSVijaySales.csproj", "{F77DA0F2-43C4-4573-ACDD-0DA8E30ACAA1}"
EndProject
Project("{9A19103F-16F7-4668-BE54-9A1E7A4F7556}") = "VijaySalesXunitTest", "TestProjectXUnitVijaySales\VijaySalesXunitTest.csproj", "{5ABA6F78-E6A1-4175-B898-53DC20F1B484}"
EndProject
Project("{9A19103F-16F7-4668-BE54-9A1E7A4F7556}") = "MathLib", "MathLib\MathLib.csproj", "{F1B4F84A-0970-4AE4-B34E-106A7678EABA}"
EndProject
Project("{9A19103F-16F7-4668-BE54-9A1E7A4F7556}") = "OrderProcessingAPI", "OrderProcessingAPI\OrderProcessingAPI.csproj", "{FD60CC4E-AAAB-4A21-A8A8-E09313B156E3}"
EndProject
Project("{2150E333-8FDC-42A3-9474-1A3956D46DE8}") = "WebAPI", "WebAPI", "{4AB788CA-D461-4510-AE3C-49B599944433}"
EndProject
Project("{2150E333-8FDC-42A3-9474-1A3956D46DE8}") = "Dependencies", "Dependencies", "{7864DBF8-9F9A-480A-9DE4-C1FF9B0606C0}"
EndProject
Project("{2150E333-8FDC-42A3-9474-1A3956D46DE8}") = "Tests", "Tests", "{92327B9F-F901-4D8F-8869-FCDAD74A0BED}"
EndProject
Project("{9A19103F-16F7-4668-BE54-9A1E7A4F7556}") = "OrderProcessing", "OrderProcessing\OrderProcessing.csproj", "{B5D5E62E-2E3B-4E7E-8888-202B0B9ECD21}"
EndProject
Project("{9A19103F-16F7-4668-BE54-9A1E7A4F7556}") = "HR", "HR\HR.csproj", "{C5B2BCD4-039B-4650-9364-1792DEBE3F99}"
EndProject
Project("{9A19103F-16F7-4668-BE54-9A1E7A4F7556}") = "TestApp", "TestApp\TestApp.csproj", "{200F1005-FBFF-484A-B7CA-B7EFD27C3AD0}"
EndProject
Project("{FAE04EC0-301F-11D3-BF4B-00C04F79EFBC}") = "DataLib", "DataLib\DataLib.csproj", "{A2495497-87C0-440D-8DF7-ACB08AFD18E5}"
EndProject
Global
	GlobalSection(SolutionConfigurationPlatforms) = preSolution
		Debug|Any CPU = Debug|Any CPU
		Release|Any CPU = Release|Any CPU
	EndGlobalSection
	GlobalSection(ProjectConfigurationPlatforms) = postSolution
		{42A9DE6B-9FAB-4382-989C-5BC0CC6A2572}.Debug|Any CPU.ActiveCfg = Debug|Any CPU
		{42A9DE6B-9FAB-4382-989C-5BC0CC6A2572}.Debug|Any CPU.Build.0 = Debug|Any CPU
		{42A9DE6B-9FAB-4382-989C-5BC0CC6A2572}.Release|Any CPU.ActiveCfg = Release|Any CPU
		{42A9DE6B-9FAB-4382-989C-5BC0CC6A2572}.Release|Any CPU.Build.0 = Release|Any CPU
		{A34DD774-31C8-4773-A158-9DF132434B2A}.Debug|Any CPU.ActiveCfg = Debug|Any CPU
		{A34DD774-31C8-4773-A158-9DF132434B2A}.Debug|Any CPU.Build.0 = Debug|Any CPU
		{A34DD774-31C8-4773-A158-9DF132434B2A}.Release|Any CPU.ActiveCfg = Release|Any CPU
		{A34DD774-31C8-4773-A158-9DF132434B2A}.Release|Any CPU.Build.0 = Release|Any CPU
		{BB9249BB-03C6-4042-8000-E3DFC34AD88F}.Debug|Any CPU.ActiveCfg = Debug|Any CPU
		{BB9249BB-03C6-4042-8000-E3DFC34AD88F}.Debug|Any CPU.Build.0 = Debug|Any CPU
		{BB9249BB-03C6-4042-8000-E3DFC34AD88F}.Release|Any CPU.ActiveCfg = Release|Any CPU
		{BB9249BB-03C6-4042-8000-E3DFC34AD88F}.Release|Any CPU.Build.0 = Release|Any CPU
		{7F86D98C-E8F2-4472-9E5D-FC32C6F6DA83}.Debug|Any CPU.ActiveCfg = Debug|Any CPU
		{7F86D98C-E8F2-4472-9E5D-FC32C6F6DA83}.Debug|Any CPU.Build.0 = Debug|Any CPU
		{7F86D98C-E8F2-4472-9E5D-FC32C6F6DA83}.Release|Any CPU.ActiveCfg = Release|Any CPU
		{7F86D98C-E8F2-4472-9E5D-FC32C6F6DA83}.Release|Any CPU.Build.0 = Release|Any CPU
		{097CCBD2-DB6F-4862-B12A-C3BDD3DB1E62}.Debug|Any CPU.ActiveCfg = Debug|Any CPU
		{097CCBD2-DB6F-4862-B12A-C3BDD3DB1E62}.Debug|Any CPU.Build.0 = Debug|Any CPU
		{097CCBD2-DB6F-4862-B12A-C3BDD3DB1E62}.Release|Any CPU.ActiveCfg = Release|Any CPU
		{097CCBD2-DB6F-4862-B12A-C3BDD3DB1E62}.Release|Any CPU.Build.0 = Release|Any CPU
		{F77DA0F2-43C4-4573-ACDD-0DA8E30ACAA1}.Debug|Any CPU.ActiveCfg = Debug|Any CPU
		{F77DA0F2-43C4-4573-ACDD-0DA8E30ACAA1}.Debug|Any CPU.Build.0 = Debug|Any CPU
		{F77DA0F2-43C4-4573-ACDD-0DA8E30ACAA1}.Release|Any CPU.ActiveCfg = Release|Any CPU
		{F77DA0F2-43C4-4573-ACDD-0DA8E30ACAA1}.Release|Any CPU.Build.0 = Release|Any CPU
		{5ABA6F78-E6A1-4175-B898-53DC20F1B484}.Debug|Any CPU.ActiveCfg = Debug|Any CPU
		{5ABA6F78-E6A1-4175-B898-53DC20F1B484}.Debug|Any CPU.Build.0 = Debug|Any CPU
		{5ABA6F78-E6A1-4175-B898-53DC20F1B484}.Release|Any CPU.ActiveCfg = Release|Any CPU
		{5ABA6F78-E6A1-4175-B898-53DC20F1B484}.Release|Any CPU.Build.0 = Release|Any CPU
		{F1B4F84A-0970-4AE4-B34E-106A7678EABA}.Debug|Any CPU.ActiveCfg = Debug|Any CPU
		{F1B4F84A-0970-4AE4-B34E-106A7678EABA}.Debug|Any CPU.Build.0 = Debug|Any CPU
		{F1B4F84A-0970-4AE4-B34E-106A7678EABA}.Release|Any CPU.ActiveCfg = Release|Any CPU
		{F1B4F84A-0970-4AE4-B34E-106A7678EABA}.Release|Any CPU.Build.0 = Release|Any CPU
		{FD60CC4E-AAAB-4A21-A8A8-E09313B156E3}.Debug|Any CPU.ActiveCfg = Debug|Any CPU
		{FD60CC4E-AAAB-4A21-A8A8-E09313B156E3}.Debug|Any CPU.Build.0 = Debug|Any CPU
		{FD60CC4E-AAAB-4A21-A8A8-E09313B156E3}.Release|Any CPU.ActiveCfg = Release|Any CPU
		{FD60CC4E-AAAB-4A21-A8A8-E09313B156E3}.Release|Any CPU.Build.0 = Release|Any CPU
		{B5D5E62E-2E3B-4E7E-8888-202B0B9ECD21}.Debug|Any CPU.ActiveCfg = Debug|Any CPU
		{B5D5E62E-2E3B-4E7E-8888-202B0B9ECD21}.Debug|Any CPU.Build.0 = Debug|Any CPU
		{B5D5E62E-2E3B-4E7E-8888-202B0B9ECD21}.Release|Any CPU.ActiveCfg = Release|Any CPU
		{B5D5E62E-2E3B-4E7E-8888-202B0B9ECD21}.Release|Any CPU.Build.0 = Release|Any CPU
		{C5B2BCD4-039B-4650-9364-1792DEBE3F99}.Debug|Any CPU.ActiveCfg = Debug|Any CPU
		{C5B2BCD4-039B-4650-9364-1792DEBE3F99}.Debug|Any CPU.Build.0 = Debug|Any CPU
		{C5B2BCD4-039B-4650-9364-1792DEBE3F99}.Release|Any CPU.ActiveCfg = Release|Any CPU
		{C5B2BCD4-039B-4650-9364-1792DEBE3F99}.Release|Any CPU.Build.0 = Release|Any CPU
		{200F1005-FBFF-484A-B7CA-B7EFD27C3AD0}.Debug|Any CPU.ActiveCfg = Debug|Any CPU
		{200F1005-FBFF-484A-B7CA-B7EFD27C3AD0}.Debug|Any CPU.Build.0 = Debug|Any CPU
		{200F1005-FBFF-484A-B7CA-B7EFD27C3AD0}.Release|Any CPU.ActiveCfg = Release|Any CPU
		{200F1005-FBFF-484A-B7CA-B7EFD27C3AD0}.Release|Any CPU.Build.0 = Release|Any CPU
		{A2495497-87C0-440D-8DF7-ACB08AFD18E5}.Debug|Any CPU.ActiveCfg = Debug|Any CPU
		{A2495497-87C0-440D-8DF7-ACB08AFD18E5}.Debug|Any CPU.Build.0 = Debug|Any CPU
		{A2495497-87C0-440D-8DF7-ACB08AFD18E5}.Release|Any CPU.ActiveCfg = Release|Any CPU
		{A2495497-87C0-440D-8DF7-ACB08AFD18E5}.Release|Any CPU.Build.0 = Release|Any CPU
	EndGlobalSection
	GlobalSection(SolutionProperties) = preSolution
		HideSolutionNode = FALSE
	EndGlobalSection
	GlobalSection(NestedProjects) = preSolution
		{42A9DE6B-9FAB-4382-989C-5BC0CC6A2572} = {7864DBF8-9F9A-480A-9DE4-C1FF9B0606C0}
		{A34DD774-31C8-4773-A158-9DF132434B2A} = {7864DBF8-9F9A-480A-9DE4-C1FF9B0606C0}
		{BB9249BB-03C6-4042-8000-E3DFC34AD88F} = {4AB788CA-D461-4510-AE3C-49B599944433}
		{7F86D98C-E8F2-4472-9E5D-FC32C6F6DA83} = {4AB788CA-D461-4510-AE3C-49B599944433}
		{097CCBD2-DB6F-4862-B12A-C3BDD3DB1E62} = {92327B9F-F901-4D8F-8869-FCDAD74A0BED}
		{F77DA0F2-43C4-4573-ACDD-0DA8E30ACAA1} = {92327B9F-F901-4D8F-8869-FCDAD74A0BED}
		{5ABA6F78-E6A1-4175-B898-53DC20F1B484} = {92327B9F-F901-4D8F-8869-FCDAD74A0BED}
		{F1B4F84A-0970-4AE4-B34E-106A7678EABA} = {7864DBF8-9F9A-480A-9DE4-C1FF9B0606C0}
		{FD60CC4E-AAAB-4A21-A8A8-E09313B156E3} = {4AB788CA-D461-4510-AE3C-49B599944433}
		{B5D5E62E-2E3B-4E7E-8888-202B0B9ECD21} = {7864DBF8-9F9A-480A-9DE4-C1FF9B0606C0}
		{C5B2BCD4-039B-4650-9364-1792DEBE3F99} = {7864DBF8-9F9A-480A-9DE4-C1FF9B0606C0}
		{200F1005-FBFF-484A-B7CA-B7EFD27C3AD0} = {7864DBF8-9F9A-480A-9DE4-C1FF9B0606C0}
		{A2495497-87C0-440D-8DF7-ACB08AFD18E5} = {7864DBF8-9F9A-480A-9DE4-C1FF9B0606C0}
	EndGlobalSection
	GlobalSection(ExtensibilityGlobals) = postSolution
		SolutionGuid = {5E2A8B29-78EC-4E9C-A2EE-D0D9FF0A5CFA}
	EndGlobalSection
EndGlobal
